# THIS IS AN AUTOGENERATED FILE. DO NOT EDIT THIS FILE DIRECTLY.
# yarn lockfile v1


"@figma/plugin-typings@^1.17.1":
  version "1.17.1"
  resolved "https://registry.yarnpkg.com/@figma/plugin-typings/-/plugin-typings-1.17.1.tgz#c69b8ccc461d70552b381adefccaf0fee56c8342"
  integrity sha512-333pYcJJVI2Wk1VTJq0ShvsqzwLJ9c1kNDzptcXdoGcDlAlljUV7B5rzEOIC9GkRFl1Kl/DsLOb9WzFRc+n2og==

typescript@^4.1.0-beta:
  version "4.1.0-beta"
  resolved "https://registry.yarnpkg.com/typescript/-/typescript-4.1.0-beta.tgz#e4d054035d253b7a37bdc077dd71706508573e69"
  integrity sha512-b/LAttdVl3G6FEmnMkDsK0xvfvaftXpSKrjXn+OVCRqrwz5WD/6QJOiN+dTorqDY+hkaH+r2gP5wI1jBDmdQ7A==
